
Microsoft Visual Studio Solution File, Format Version 12.00
# Visual Studio Version 16
VisualStudioVersion = 16.0.32428.217
MinimumVisualStudioVersion = 10.0.40219.1
Project("{FAE04EC0-301F-11D3-BF4B-00C04F79EFBC}") = "DemoPropelMay2022Git", "DemoPropelMay2022Git.csproj", "{9B1D33F0-7869-4125-AB9A-237238C44E58}"
EndProject
Global
	GlobalSection(SolutionConfigurationPlatforms) = preSolution
		Debug|Any CPU = Debug|Any CPU
		Release|Any CPU = Release|Any CPU
	EndGlobalSection
	GlobalSection(ProjectConfigurationPlatforms) = postSolution
		{9B1D33F0-7869-4125-AB9A-237238C44E58}.Debug|Any CPU.ActiveCfg = Debug|Any CPU
		{9B1D33F0-7869-4125-AB9A-237238C44E58}.Debug|Any CPU.Build.0 = Debug|Any CPU
		{9B1D33F0-7869-4125-AB9A-237238C44E58}.Release|Any CPU.ActiveCfg = Release|Any CPU
		{9B1D33F0-7869-4125-AB9A-237238C44E58}.Release|Any CPU.Build.0 = Release|Any CPU
	EndGlobalSection
	GlobalSection(SolutionProperties) = preSolution
		HideSolutionNode = FALSE
	EndGlobalSection
	GlobalSection(ExtensibilityGlobals) = postSolution
		SolutionGuid = {32383695-0D73-4484-915D-7E2CA8CF3E94}
	EndGlobalSection
EndGlobal
